// !$*UTF8*$!
{
	archiveVersion = 1;
	classes = {
	};
	objectVersion = 46;
	objects = {

/* Begin PBXBuildFile section */
		34B7A8D51BC65800001A7A8A /* AppDelegate.swift in Sources */ = {isa = PBXBuildFile; fileRef = 34B7A8D41BC65800001A7A8A /* AppDelegate.swift */; };
		34B7A8D71BC65800001A7A8A /* ViewController.swift in Sources */ = {isa = PBXBuildFile; fileRef = 34B7A8D61BC65800001A7A8A /* ViewController.swift */; };
		34B7A8DA1BC65800001A7A8A /* Main.storyboard in Resources */ = {isa = PBXBuildFile; fileRef = 34B7A8D81BC65800001A7A8A /* Main.storyboard */; };
		34B7A8DC1BC65800001A7A8A /* Assets.xcassets in Resources */ = {isa = PBXBuildFile; fileRef = 34B7A8DB1BC65800001A7A8A /* Assets.xcassets */; };
		34B7A8DF1BC65800001A7A8A /* LaunchScreen.storyboard in Resources */ = {isa = PBXBuildFile; fileRef = 34B7A8DD1BC65800001A7A8A /* LaunchScreen.storyboard */; };
		34B7A8EA1BC65800001A7A8A /* ios99Tests.swift in Sources */ = {isa = PBXBuildFile; fileRef = 34B7A8E91BC65800001A7A8A /* ios99Tests.swift */; };
		34B7A8F51BC65800001A7A8A /* ios99UITests.swift in Sources */ = {isa = PBXBuildFile; fileRef = 34B7A8F41BC65800001A7A8A /* ios99UITests.swift */; };
/* End PBXBuildFile section */

/* Begin PBXContainerItemProxy section */
		34B7A8E61BC65800001A7A8A /* PBXContainerItemProxy */ = {
			isa = PBXContainerItemProxy;
			containerPortal = 34B7A8C91BC65800001A7A8A /* Project object */;
			proxyType = 1;
			remoteGlobalIDString = 34B7A8D01BC65800001A7A8A;
			remoteInfo = ios99;
		};
		34B7A8F11BC65800001A7A8A /* PBXContainerItemProxy */ = {
			isa = PBXContainerItemProxy;
			containerPortal = 34B7A8C91BC65800001A7A8A /* Project object */;
			proxyType = 1;
			remoteGlobalIDString = 34B7A8D01BC65800001A7A8A;
			remoteInfo = ios99;
		};
/* End PBXContainerItemProxy section */

/* Begin PBXFileReference section */
		34B7A8D11BC65800001A7A8A /* ios99.app */ = {isa = PBXFileReference; explicitFileType = wrapper.application; includeInIndex = 0; path = ios99.app; sourceTree = BUILT_PRODUCTS_DIR; };
		34B7A8D41BC65800001A7A8A /* AppDelegate.swift */ = {isa = PBXFileReference; lastKnownFileType = sourcecode.swift; path = AppDelegate.swift; sourceTree = "<group>"; };
		34B7A8D61BC65800001A7A8A /* ViewController.swift */ = {isa = PBXFileReference; lastKnownFileType = sourcecode.swift; path = ViewController.swift; sourceTree = "<group>"; };
		34B7A8D91BC65800001A7A8A /* Base */ = {isa = PBXFileReference; lastKnownFileType = file.storyboard; name = Base; path = Base.lproj/Main.storyboard; sourceTree = "<group>"; };
		34B7A8DB1BC65800001A7A8A /* Assets.xcassets */ = {isa = PBXFileReference; lastKnownFileType = folder.assetcatalog; path = Assets.xcassets; sourceTree = "<group>"; };
		34B7A8DE1BC65800001A7A8A /* Base */ = {isa = PBXFileReference; lastKnownFileType = file.storyboard; name = Base; path = Base.lproj/LaunchScreen.storyboard; sourceTree = "<group>"; };
		34B7A8E01BC65800001A7A8A /* Info.plist */ = {isa = PBXFileReference; lastKnownFileType = text.plist.xml; path = Info.plist; sourceTree = "<group>"; };
		34B7A8E51BC65800001A7A8A /* ios99Tests.xctest */ = {isa = PBXFileReference; explicitFileType = wrapper.cfbundle; includeInIndex = 0; path = ios99Tests.xctest; sourceTree = BUILT_PRODUCTS_DIR; };
		34B7A8E91BC65800001A7A8A /* ios99Tests.swift */ = {isa = PBXFileReference; lastKnownFileType = sourcecode.swift; path = ios99Tests.swift; sourceTree = "<group>"; };
		34B7A8EB1BC65800001A7A8A /* Info.plist */ = {isa = PBXFileReference; lastKnownFileType = text.plist.xml; path = Info.plist; sourceTree = "<group>"; };
		34B7A8F01BC65800001A7A8A /* ios99UITests.xctest */ = {isa = PBXFileReference; explicitFileType = wrapper.cfbundle; includeInIndex = 0; path = ios99UITests.xctest; sourceTree = BUILT_PRODUCTS_DIR; };
		34B7A8F41BC65800001A7A8A /* ios99UITests.swift */ = {isa = PBXFileReference; lastKnownFileType = sourcecode.swift; path = ios99UITests.swift; sourceTree = "<group>"; };
		34B7A8F61BC65800001A7A8A /* Info.plist */ = {isa = PBXFileReference; lastKnownFileType = text.plist.xml; path = Info.plist; sourceTree = "<group>"; };
/* End PBXFileReference section */

/* Begin PBXFrameworksBuildPhase section */
		34B7A8CE1BC65800001A7A8A /* Frameworks */ = {
			isa = PBXFrameworksBuildPhase;
			buildActionMask = 2147483647;
			files = (
			);
			runOnlyForDeploymentPostprocessing = 0;
		};
		34B7A8E21BC65800001A7A8A /* Frameworks */ = {
			isa = PBXFrameworksBuildPhase;
			buildActionMask = 2147483647;
			files = (
			);
			runOnlyForDeploymentPostprocessing = 0;
		};
		34B7A8ED1BC65800001A7A8A /* Frameworks */ = {
			isa = PBXFrameworksBuildPhase;
			buildActionMask = 2147483647;
			files = (
			);
			runOnlyForDeploymentPostprocessing = 0;
		};
/* End PBXFrameworksBuildPhase section */

/* Begin PBXGroup section */
		34B7A8C81BC65800001A7A8A = {
			isa = PBXGroup;
			children = (
				34B7A8D31BC65800001A7A8A /* ios99 */,
				34B7A8E81BC65800001A7A8A /* ios99Tests */,
				34B7A8F31BC65800001A7A8A /* ios99UITests */,
				34B7A8D21BC65800001A7A8A /* Products */,
			);
			sourceTree = "<group>";
		};
		34B7A8D21BC65800001A7A8A /* Products */ = {
			isa = PBXGroup;
			children = (
				34B7A8D11BC65800001A7A8A /* ios99.app */,
				34B7A8E51BC65800001A7A8A /* ios99Tests.xctest */,
				34B7A8F01BC65800001A7A8A /* ios99UITests.xctest */,
			);
			name = Products;
			sourceTree = "<group>";
		};
		34B7A8D31BC65800001A7A8A /* ios99 */ = {
			isa = PBXGroup;
			children = (
				34B7A8D41BC65800001A7A8A /* AppDelegate.swift */,
				34B7A8D61BC65800001A7A8A /* ViewController.swift */,
				34B7A8D81BC65800001A7A8A /* Main.storyboard */,
				34B7A8DB1BC65800001A7A8A /* Assets.xcassets */,
				34B7A8DD1BC65800001A7A8A /* LaunchScreen.storyboard */,
				34B7A8E01BC65800001A7A8A /* Info.plist */,
			);
			path = ios99;
			sourceTree = "<group>";
		};
		34B7A8E81BC65800001A7A8A /* ios99Tests */ = {
			isa = PBXGroup;
			children = (
				34B7A8E91BC65800001A7A8A /* ios99Tests.swift */,
				34B7A8EB1BC65800001A7A8A /* Info.plist */,
			);
			path = ios99Tests;
			sourceTree = "<group>";
		};
		34B7A8F31BC65800001A7A8A /* ios99UITests */ = {
			isa = PBXGroup;
			children = (
				34B7A8F41BC65800001A7A8A /* ios99UITests.swift */,
				34B7A8F61BC65800001A7A8A /* Info.plist */,
			);
			path = ios99UITests;
			sourceTree = "<group>";
		};
/* End PBXGroup section */

/* Begin PBXNativeTarget section */
		34B7A8D01BC65800001A7A8A /* ios99 */ = {
			isa = PBXNativeTarget;
			buildConfigurationList = 34B7A8F91BC65800001A7A8A /* Build configuration list for PBXNativeTarget "ios99" */;
			buildPhases = (
				34B7A8CD1BC65800001A7A8A /* Sources */,
				34B7A8CE1BC65800001A7A8A /* Frameworks */,
				34B7A8CF1BC65800001A7A8A /* Resources */,
			);
			buildRules = (
			);
			dependencies = (
			);
			name = ios99;
			productName = ios99;
			productReference = 34B7A8D11BC65800001A7A8A /* ios99.app */;
			productType = "com.apple.product-type.application";
		};
		34B7A8E41BC65800001A7A8A /* ios99Tests */ = {
			isa = PBXNativeTarget;
			buildConfigurationList = 34B7A8FC1BC65800001A7A8A /* Build configuration list for PBXNativeTarget "ios99Tests" */;
			buildPhases = (
				34B7A8E11BC65800001A7A8A /* Sources */,
				34B7A8E21BC65800001A7A8A /* Frameworks */,
				34B7A8E31BC65800001A7A8A /* Resources */,
			);
			buildRules = (
			);
			dependencies = (
				34B7A8E71BC65800001A7A8A /* PBXTargetDependency */,
			);
			name = ios99Tests;
			productName = ios99Tests;
			productReference = 34B7A8E51BC65800001A7A8A /* ios99Tests.xctest */;
			productType = "com.apple.product-type.bundle.unit-test";
		};
		34B7A8EF1BC65800001A7A8A /* ios99UITests */ = {
			isa = PBXNativeTarget;
			buildConfigurationList = 34B7A8FF1BC65800001A7A8A /* Build configuration list for PBXNativeTarget "ios99UITests" */;
			buildPhases = (
				34B7A8EC1BC65800001A7A8A /* Sources */,
				34B7A8ED1BC65800001A7A8A /* Frameworks */,
				34B7A8EE1BC65800001A7A8A /* Resources */,
			);
			buildRules = (
			);
			dependencies = (
				34B7A8F21BC65800001A7A8A /* PBXTargetDependency */,
			);
			name = ios99UITests;
			productName = ios99UITests;
			productReference = 34B7A8F01BC65800001A7A8A /* ios99UITests.xctest */;
			productType = "com.apple.product-type.bundle.ui-testing";
		};
/* End PBXNativeTarget section */

/* Begin PBXProject section */
		34B7A8C91BC65800001A7A8A /* Project object */ = {
			isa = PBXProject;
			attributes = {
				LastUpgradeCheck = 0700;
				ORGANIZATIONNAME = wk;
				TargetAttributes = {
					34B7A8D01BC65800001A7A8A = {
						CreatedOnToolsVersion = 7.0;
					};
					34B7A8E41BC65800001A7A8A = {
						CreatedOnToolsVersion = 7.0;
						TestTargetID = 34B7A8D01BC65800001A7A8A;
					};
					34B7A8EF1BC65800001A7A8A = {
						CreatedOnToolsVersion = 7.0;
						TestTargetID = 34B7A8D01BC65800001A7A8A;
					};
				};
			};
			buildConfigurationList = 34B7A8CC1BC65800001A7A8A /* Build configuration list for PBXProject "ios99" */;
			compatibilityVersion = "Xcode 3.2";
			developmentRegion = English;
			hasScannedForEncodings = 0;
			knownRegions = (
				en,
				Base,
			);
			mainGroup = 34B7A8C81BC65800001A7A8A;
			productRefGroup = 34B7A8D21BC65800001A7A8A /* Products */;
			projectDirPath = "";
			projectRoot = "";
			targets = (
				34B7A8D01BC65800001A7A8A /* ios99 */,
				34B7A8E41BC65800001A7A8A /* ios99Tests */,
				34B7A8EF1BC65800001A7A8A /* ios99UITests */,
			);
		};
/* End PBXProject section */

/* Begin PBXResourcesBuildPhase section */
		34B7A8CF1BC65800001A7A8A /* Resources */ = {
			isa = PBXResourcesBuildPhase;
			buildActionMask = 2147483647;
			files = (
				34B7A8DF1BC65800001A7A8A /* LaunchScreen.storyboard in Resources */,
				34B7A8DC1BC65800001A7A8A /* Assets.xcassets in Resources */,
				34B7A8DA1BC65800001A7A8A /* Main.storyboard in Resources */,
			);
			runOnlyForDeploymentPostprocessing = 0;
		};
		34B7A8E31BC65800001A7A8A /* Resources */ = {
			isa = PBXResourcesBuildPhase;
			buildActionMask = 2147483647;
			files = (
			);
			runOnlyForDeploymentPostprocessing = 0;
		};
		34B7A8EE1BC65800001A7A8A /* Resources */ = {
			isa = PBXResourcesBuildPhase;
			buildActionMask = 2147483647;
			files = (
			);
			runOnlyForDeploymentPostprocessing = 0;
		};
/* End PBXResourcesBuildPhase section */

/* Begin PBXSourcesBuildPhase section */
		34B7A8CD1BC65800001A7A8A /* Sources */ = {
			isa = PBXSourcesBuildPhase;
			buildActionMask = 2147483647;
			files = (
				34B7A8D71BC65800001A7A8A /* ViewController.swift in Sources */,
				34B7A8D51BC65800001A7A8A /* AppDelegate.swift in Sources */,
			);
			runOnlyForDeploymentPostprocessing = 0;
		};
		34B7A8E11BC65800001A7A8A /* Sources */ = {
			isa = PBXSourcesBuildPhase;
			buildActionMask = 2147483647;
			files = (
				34B7A8EA1BC65800001A7A8A /* ios99Tests.swift in Sources */,
			);
			runOnlyForDeploymentPostprocessing = 0;
		};
		34B7A8EC1BC65800001A7A8A /* Sources */ = {
			isa = PBXSourcesBuildPhase;
			buildActionMask = 2147483647;
			files = (
				34B7A8F51BC65800001A7A8A /* ios99UITests.swift in Sources */,
			);
			runOnlyForDeploymentPostprocessing = 0;
		};
/* End PBXSourcesBuildPhase section */

/* Begin PBXTargetDependency section */
		34B7A8E71BC65800001A7A8A /* PBXTargetDependency */ = {
			isa = PBXTargetDependency;
			target = 34B7A8D01BC65800001A7A8A /* ios99 */;
			targetProxy = 34B7A8E61BC65800001A7A8A /* PBXContainerItemProxy */;
		};
		34B7A8F21BC65800001A7A8A /* PBXTargetDependency */ = {
			isa = PBXTargetDependency;
			target = 34B7A8D01BC65800001A7A8A /* ios99 */;
			targetProxy = 34B7A8F11BC65800001A7A8A /* PBXContainerItemProxy */;
		};
/* End PBXTargetDependency section */

/* Begin PBXVariantGroup section */
		34B7A8D81BC65800001A7A8A /* Main.storyboard */ = {
			isa = PBXVariantGroup;
			children = (
				34B7A8D91BC65800001A7A8A /* Base */,
			);
			name = Main.storyboard;
			sourceTree = "<group>";
		};
		34B7A8DD1BC65800001A7A8A /* LaunchScreen.storyboard */ = {
			isa = PBXVariantGroup;
			children = (
				34B7A8DE1BC65800001A7A8A /* Base */,
			);
			name = LaunchScreen.storyboard;
			sourceTree = "<group>";
		};
/* End PBXVariantGroup section */

/* Begin XCBuildConfiguration section */
		34B7A8F71BC65800001A7A8A /* Debug */ = {
			isa = XCBuildConfiguration;
			buildSettings = {
				ALWAYS_SEARCH_USER_PATHS = NO;
				CLANG_CXX_LANGUAGE_STANDARD = "gnu++0x";
				CLANG_CXX_LIBRARY = "libc++";
				CLANG_ENABLE_MODULES = YES;
				CLANG_ENABLE_OBJC_ARC = YES;
				CLANG_WARN_BOOL_CONVERSION = YES;
				CLANG_WARN_CONSTANT_CONVERSION = YES;
				CLANG_WARN_DIRECT_OBJC_ISA_USAGE = YES_ERROR;
				CLANG_WARN_EMPTY_BODY = YES;
				CLANG_WARN_ENUM_CONVERSION = YES;
				CLANG_WARN_INT_CONVERSION = YES;
				CLANG_WARN_OBJC_ROOT_CLASS = YES_ERROR;
				CLANG_WARN_UNREACHABLE_CODE = YES;
				CLANG_WARN__DUPLICATE_METHOD_MATCH = YES;
				"CODE_SIGN_IDENTITY[sdk=iphoneos*]" = "iPhone Developer";
				COPY_PHASE_STRIP = NO;
				DEBUG_INFORMATION_FORMAT = dwarf;
				ENABLE_STRICT_OBJC_MSGSEND = YES;
				ENABLE_TESTABILITY = YES;
				GCC_C_LANGUAGE_STANDARD = gnu99;
				GCC_DYNAMIC_NO_PIC = NO;
				GCC_NO_COMMON_BLOCKS = YES;
				GCC_OPTIMIZATION_LEVEL = 0;
				GCC_PREPROCESSOR_DEFINITIONS = (
					"DEBUG=1",
					"$(inherited)",
				);
				GCC_WARN_64_TO_32_BIT_CONVERSION = YES;
				GCC_WARN_ABOUT_RETURN_TYPE = YES_ERROR;
				GCC_WARN_UNDECLARED_SELECTOR = YES;
				GCC_WARN_UNINITIALIZED_AUTOS = YES_AGGRESSIVE;
				GCC_WARN_UNUSED_FUNCTION = YES;
				GCC_WARN_UNUSED_VARIABLE = YES;
				IPHONEOS_DEPLOYMENT_TARGET = 9.0;
				MTL_ENABLE_DEBUG_INFO = YES;
				ONLY_ACTIVE_ARCH = YES;
				SDKROOT = iphoneos;
				SWIFT_OPTIMIZATION_LEVEL = "-Onone";
				TARGETED_DEVICE_FAMILY = "1,2";
			};
			name = Debug;
		};
		34B7A8F81BC65800001A7A8A /* Release */ = {
			isa = XCBuildConfiguration;
			buildSettings = {
				ALWAYS_SEARCH_USER_PATHS = NO;
				CLANG_CXX_LANGUAGE_STANDARD = "gnu++0x";
				CLANG_CXX_LIBRARY = "libc++";
				CLANG_ENABLE_MODULES = YES;
				CLANG_ENABLE_OBJC_ARC = YES;
				CLANG_WARN_BOOL_CONVERSION = YES;
				CLANG_WARN_CONSTANT_CONVERSION = YES;
				CLANG_WARN_DIRECT_OBJC_ISA_USAGE = YES_ERROR;
				CLANG_WARN_EMPTY_BODY = YES;
				CLANG_WARN_ENUM_CONVERSION = YES;
				CLANG_WARN_INT_CONVERSION = YES;
				CLANG_WARN_OBJC_ROOT_CLASS = YES_ERROR;
				CLANG_WARN_UNREACHABLE_CODE = YES;
				CLANG_WARN__DUPLICATE_METHOD_MATCH = YES;
				"CODE_SIGN_IDENTITY[sdk=iphoneos*]" = "iPhone Developer";
				COPY_PHASE_STRIP = NO;
				DEBUG_INFORMATION_FORMAT = "dwarf-with-dsym";
				ENABLE_NS_ASSERTIONS = NO;
				ENABLE_STRICT_OBJC_MSGSEND = YES;
				GCC_C_LANGUAGE_STANDARD = gnu99;
				GCC_NO_COMMON_BLOCKS = YES;
				GCC_WARN_64_TO_32_BIT_CONVERSION = YES;
				GCC_WARN_ABOUT_RETURN_TYPE = YES_ERROR;
				GCC_WARN_UNDECLARED_SELECTOR = YES;
				GCC_WARN_UNINITIALIZED_AUTOS = YES_AGGRESSIVE;
				GCC_WARN_UNUSED_FUNCTION = YES;
				GCC_WARN_UNUSED_VARIABLE = YES;
				IPHONEOS_DEPLOYMENT_TARGET = 9.0;
				MTL_ENABLE_DEBUG_INFO = NO;
				SDKROOT = iphoneos;
				TARGETED_DEVICE_FAMILY = "1,2";
				VALIDATE_PRODUCT = YES;
			};
			name = Release;
		};
		34B7A8FA1BC65800001A7A8A /* Debug */ = {
			isa = XCBuildConfiguration;
			buildSettings = {
				ASSETCATALOG_COMPILER_APPICON_NAME = AppIcon;
				INFOPLIST_FILE = ios99/Info.plist;
				LD_RUNPATH_SEARCH_PATHS = "$(inherited) @executable_path/Frameworks";
				PRODUCT_BUNDLE_IDENTIFIER = cn.xiaoma.www.ios99;
				PRODUCT_NAME = "$(TARGET_NAME)";
			};
			name = Debug;
		};
		34B7A8FB1BC65800001A7A8A /* Release */ = {
			isa = XCBuildConfiguration;
			buildSettings = {
				ASSETCATALOG_COMPILER_APPICON_NAME = AppIcon;
				INFOPLIST_FILE = ios99/Info.plist;
				LD_RUNPATH_SEARCH_PATHS = "$(inherited) @executable_path/Frameworks";
				PRODUCT_BUNDLE_IDENTIFIER = cn.xiaoma.www.ios99;
				PRODUCT_NAME = "$(TARGET_NAME)";
			};
			name = Release;
		};
		34B7A8FD1BC65800001A7A8A /* Debug */ = {
			isa = XCBuildConfiguration;
			buildSettings = {
				BUNDLE_LOADER = "$(TEST_HOST)";
				INFOPLIST_FILE = ios99Tests/Info.plist;
				LD_RUNPATH_SEARCH_PATHS = "$(inherited) @executable_path/Frameworks @loader_path/Frameworks";
				PRODUCT_BUNDLE_IDENTIFIER = cn.xiaoma.www.ios99Tests;
				PRODUCT_NAME = "$(TARGET_NAME)";
				TEST_HOST = "$(BUILT_PRODUCTS_DIR)/ios99.app/ios99";
			};
			name = Debug;
		};
		34B7A8FE1BC65800001A7A8A /* Release */ = {
			isa = XCBuildConfiguration;
			buildSettings = {
				BUNDLE_LOADER = "$(TEST_HOST)";
				INFOPLIST_FILE = ios99Tests/Info.plist;
				LD_RUNPATH_SEARCH_PATHS = "$(inherited) @executable_path/Frameworks @loader_path/Frameworks";
				PRODUCT_BUNDLE_IDENTIFIER = cn.xiaoma.www.ios99Tests;
				PRODUCT_NAME = "$(TARGET_NAME)";
				TEST_HOST = "$(BUILT_PRODUCTS_DIR)/ios99.app/ios99";
			};
			name = Release;
		};
		34B7A9001BC65800001A7A8A /* Debug */ = {
			isa = XCBuildConfiguration;
			buildSettings = {
				INFOPLIST_FILE = ios99UITests/Info.plist;
				LD_RUNPATH_SEARCH_PATHS = "$(inherited) @executable_path/Frameworks @loader_path/Frameworks";
				PRODUCT_BUNDLE_IDENTIFIER = cn.xiaoma.www.ios99UITests;
				PRODUCT_NAME = "$(TARGET_NAME)";
				TEST_TARGET_NAME = ios99;
				USES_XCTRUNNER = YES;
			};
			name = Debug;
		};
		34B7A9011BC65800001A7A8A /* Release */ = {
			isa = XCBuildConfiguration;
			buildSettings = {
				INFOPLIST_FILE = ios99UITests/Info.plist;
				LD_RUNPATH_SEARCH_PATHS = "$(inherited) @executable_path/Frameworks @loader_path/Frameworks";
				PRODUCT_BUNDLE_IDENTIFIER = cn.xiaoma.www.ios99UITests;
				PRODUCT_NAME = "$(TARGET_NAME)";
				TEST_TARGET_NAME = ios99;
				USES_XCTRUNNER = YES;
			};
			name = Release;
		};
/* End XCBuildConfiguration section */

/* Begin XCConfigurationList section */
		34B7A8CC1BC65800001A7A8A /* Build configuration list for PBXProject "ios99" */ = {
			isa = XCConfigurationList;
			buildConfigurations = (
				34B7A8F71BC65800001A7A8A /* Debug */,
				34B7A8F81BC65800001A7A8A /* Release */,
			);
			defaultConfigurationIsVisible = 0;
			defaultConfigurationName = Release;
		};
		34B7A8F91BC65800001A7A8A /* Build configuration list for PBXNativeTarget "ios99" */ = {
			isa = XCConfigurationList;
			buildConfigurations = (
				34B7A8FA1BC65800001A7A8A /* Debug */,
				34B7A8FB1BC65800001A7A8A /* Release */,
			);
			defaultConfigurationIsVisible = 0;
		};
		34B7A8FC1BC65800001A7A8A /* Build configuration list for PBXNativeTarget "ios99Tests" */ = {
			isa = XCConfigurationList;
			buildConfigurations = (
				34B7A8FD1BC65800001A7A8A /* Debug */,
				34B7A8FE1BC65800001A7A8A /* Release */,
			);
			defaultConfigurationIsVisible = 0;
		};
		34B7A8FF1BC65800001A7A8A /* Build configuration list for PBXNativeTarget "ios99UITests" */ = {
			isa = XCConfigurationList;
			buildConfigurations = (
				34B7A9001BC65800001A7A8A /* Debug */,
				34B7A9011BC65800001A7A8A /* Release */,
			);
			defaultConfigurationIsVisible = 0;
		};
/* End XCConfigurationList section */
	};
	rootObject = 34B7A8C91BC65800001A7A8A /* Project object */;
}
